// !$*UTF8*$!
{
	archiveVersion = 1;
	classes = {
	};
	objectVersion = 77;
	objects = {

/* Begin PBXBuildFile section */
		02A82E570EFC46C6635F0920 /* ScreenSpanReport.appex in Embed ExtensionKit Extensions */ = {isa = PBXBuildFile; fileRef = C8EA298EF7CB1876A1B306BF /* ScreenSpanReport.appex */; settings = {ATTRIBUTES = (RemoveHeadersOnCopy, ); }; };
		0A09C2D0988C6FC3F0D7CCC1 /* LifeGridRevealView.swift in Sources */ = {isa = PBXBuildFile; fileRef = AE6B4D762CFBC0C755D07416 /* LifeGridRevealView.swift */; };
		0F572863C112270027377EE5 /* MainTabView.swift in Sources */ = {isa = PBXBuildFile; fileRef = 2F4A4A71CB8C9A7C783A67D8 /* MainTabView.swift */; };
		11CF3293D9AB51F1E145B07F /* DonutChartView.swift in Sources */ = {isa = PBXBuildFile; fileRef = 8CBA21D08EA526F73C7A2E7F /* DonutChartView.swift */; };
		1C04A2C31387C6632D4B8737 /* Environment+ScreenSpan.swift in Sources */ = {isa = PBXBuildFile; fileRef = D98B2E6C7985B4098510525C /* Environment+ScreenSpan.swift */; };
		1EF93A0969318E46DB80B9E8 /* UserGoal.swift in Sources */ = {isa = PBXBuildFile; fileRef = 7B8A84266D5C67D2A5DA73E8 /* UserGoal.swift */; };
		304900B8BDC5296E96DF6319 /* AppGroupManager.swift in Sources */ = {isa = PBXBuildFile; fileRef = 756444A3B2BC26E2CCD3993F /* AppGroupManager.swift */; };
		340E77222A147F4C7E7E270F /* DeviceActivityReport+Contexts.swift in Sources */ = {isa = PBXBuildFile; fileRef = EF0F714E1B0C5B35DE43F7A7 /* DeviceActivityReport+Contexts.swift */; };
		36E9E3C27D1C542C47003FF1 /* AppConstants.swift in Sources */ = {isa = PBXBuildFile; fileRef = 9454C7ED8B41B24B9FC8F2ED /* AppConstants.swift */; };
		3E043136C66F025ABE384DA7 /* StatsViewModel.swift in Sources */ = {isa = PBXBuildFile; fileRef = 9B7D83D181F6D3AF608C6F5D /* StatsViewModel.swift */; };
		3F41162A39F0FF7F6E097804 /* NotificationService.swift in Sources */ = {isa = PBXBuildFile; fileRef = 12CA9AC27285FCD6EE14F9A8 /* NotificationService.swift */; };
		42B3B290BB44180F07427ACE /* AgeInputView.swift in Sources */ = {isa = PBXBuildFile; fileRef = BB7C2C906DF72C56290CB002 /* AgeInputView.swift */; };
		42E3A31B847CE4692A1E7718 /* WelcomeView.swift in Sources */ = {isa = PBXBuildFile; fileRef = 1281DF0923E1F2BF29939CD2 /* WelcomeView.swift */; };
		43C8D153FC53E264AD147C97 /* Date+ScreenSpan.swift in Sources */ = {isa = PBXBuildFile; fileRef = 66C5EF5160BAE399C0FF89A1 /* Date+ScreenSpan.swift */; };
		4563E169F175B2DA1D5A7836 /* GoalSettingView.swift in Sources */ = {isa = PBXBuildFile; fileRef = 6D39E827280278510CD8E4A1 /* GoalSettingView.swift */; };
		46A751C021C1635BB9A738F2 /* HistoryViewModel.swift in Sources */ = {isa = PBXBuildFile; fileRef = B3EF9894059FC751764278F8 /* HistoryViewModel.swift */; };
		47CD9456C5A021217B34D7CE /* SharedConstants.swift in Sources */ = {isa = PBXBuildFile; fileRef = 4AF778599A684CC2DFD97DC6 /* SharedConstants.swift */; };
		4A3615A03C774FAFD8D2ABB9 /* UserDefaults+AppGroup.swift in Sources */ = {isa = PBXBuildFile; fileRef = 6C0C48EC6DDF3E57788CA87B /* UserDefaults+AppGroup.swift */; };
		4AE75ABCD7B0AC96A6737209 /* OnboardingContainerView.swift in Sources */ = {isa = PBXBuildFile; fileRef = 5AC2AE376C93D5CA9A49DACE /* OnboardingContainerView.swift */; };
		4BCCF2433646C026A195EBF9 /* LifeGridView.swift in Sources */ = {isa = PBXBuildFile; fileRef = 1379251AF5D1F8D8ACF4AAFB /* LifeGridView.swift */; };
		50F8A89C5A98944613AECC53 /* UserDefaults+AppGroup.swift in Sources */ = {isa = PBXBuildFile; fileRef = 6C0C48EC6DDF3E57788CA87B /* UserDefaults+AppGroup.swift */; };
		5899087DD153621F52A860BE /* ProjectionCalculator.swift in Sources */ = {isa = PBXBuildFile; fileRef = C243C4B38CF92C03D01F92AB /* ProjectionCalculator.swift */; };
		5B0830CCC30FAF4B16FA4F4A /* SettingsViewModel.swift in Sources */ = {isa = PBXBuildFile; fileRef = 4DCF7DEE10E84FCB52021934 /* SettingsViewModel.swift */; };
		5C367FC644651AFE4F80A3DB /* ScreenSpanReportExtension.swift in Sources */ = {isa = PBXBuildFile; fileRef = 68EB2E6FD7CF107932E803D2 /* ScreenSpanReportExtension.swift */; };
		60343D12704D8AE5781615F2 /* SubscriptionStatus.swift in Sources */ = {isa = PBXBuildFile; fileRef = FEFB5FF71316F7E1E7057F1A /* SubscriptionStatus.swift */; };
		63A96DF2A8F6EAF116D2B484 /* ChartReportView.swift in Sources */ = {isa = PBXBuildFile; fileRef = 3D0C74C00317100ECF78D95A /* ChartReportView.swift */; };
		6437C9D2833542C4BB5FD4B8 /* HistoryTabView.swift in Sources */ = {isa = PBXBuildFile; fileRef = F5DF1B1B7123E0DD82F222F4 /* HistoryTabView.swift */; };
		70508DE61057684BEC9A80B9 /* ProjectionCalculator.swift in Sources */ = {isa = PBXBuildFile; fileRef = C243C4B38CF92C03D01F92AB /* ProjectionCalculator.swift */; };
		7CA6D26D4488504C8E363E2A /* Color+ScreenSpanReport.swift in Sources */ = {isa = PBXBuildFile; fileRef = 51463CC93AF1FC395F23A659 /* Color+ScreenSpanReport.swift */; };
		8919445EF7490602BAA2D63E /* ProjectionModel.swift in Sources */ = {isa = PBXBuildFile; fileRef = 0B16A6F5B2A7C3CBBBF9E446 /* ProjectionModel.swift */; };
		8F0240414A51F7444F3A2F90 /* HistoryReportView.swift in Sources */ = {isa = PBXBuildFile; fileRef = B745744BA2354B4E399F1C41 /* HistoryReportView.swift */; };
		9434CDFDB5BFDD3D31E7EC09 /* ProjectionRevealView.swift in Sources */ = {isa = PBXBuildFile; fileRef = 5661E444673C60B141FDD277 /* ProjectionRevealView.swift */; };
		9A0AF529672DD47AE388D675 /* OnboardingViewModel.swift in Sources */ = {isa = PBXBuildFile; fileRef = B21AA338A8BC8C3E45D8D551 /* OnboardingViewModel.swift */; };
		9DB102EEFD27E1CF5149435F /* ContentView.swift in Sources */ = {isa = PBXBuildFile; fileRef = AA623384754EB8634D457F80 /* ContentView.swift */; };
		A3AB714CFC74FF3CD8ADCDFB /* AppGroupManager.swift in Sources */ = {isa = PBXBuildFile; fileRef = 756444A3B2BC26E2CCD3993F /* AppGroupManager.swift */; };
		A7BA55370667EBB5975595DA /* StoreKitService.swift in Sources */ = {isa = PBXBuildFile; fileRef = AC7D5F6A44622236803D7EED /* StoreKitService.swift */; };
		AFAE3FD26CE8D5923D988FCF /* ScreenSpanApp.swift in Sources */ = {isa = PBXBuildFile; fileRef = 9A4D8FAD2211C2AAFF1DED04 /* ScreenSpanApp.swift */; };
		B833F397A362DF5E65D771ED /* StatsTabView.swift in Sources */ = {isa = PBXBuildFile; fileRef = AF9074527819B4C453EF03BE /* StatsTabView.swift */; };
		C56DA5C41E9F896D234A80A4 /* PaywallView.swift in Sources */ = {isa = PBXBuildFile; fileRef = D6335E4D884CF036670B084F /* PaywallView.swift */; };
		C99386D1BCF8F92DBB1D41BD /* StatsReportView.swift in Sources */ = {isa = PBXBuildFile; fileRef = 7644C84804CDFEA305490E75 /* StatsReportView.swift */; };
		C9B6E6E5C1E4C0731B8C03CE /* UsageCategory.swift in Sources */ = {isa = PBXBuildFile; fileRef = 0566A6F1DC738D34D1A54F66 /* UsageCategory.swift */; };
		CA2D5C7D0E6A414F6F1BDC64 /* GoalService.swift in Sources */ = {isa = PBXBuildFile; fileRef = 2ED6AB14CDB6BFE776AABD07 /* GoalService.swift */; };
		D84D7A276B739F6E73F38281 /* SettingsView.swift in Sources */ = {isa = PBXBuildFile; fileRef = EA7EFCABE6CC65E07FE10C6C /* SettingsView.swift */; };
		D9B4D9BDD484D0CE6BFBC295 /* PermissionRequestView.swift in Sources */ = {isa = PBXBuildFile; fileRef = 39154E949451B6CF3E2EE0BE /* PermissionRequestView.swift */; };
		DF5E2C6764FF1FD529274BC6 /* ChartViewModel.swift in Sources */ = {isa = PBXBuildFile; fileRef = 9801013D24B5FFBF50A18946 /* ChartViewModel.swift */; };
		E476A69F830E59062F2B1980 /* AuthorizationService.swift in Sources */ = {isa = PBXBuildFile; fileRef = 5A1386C8E8351CD19946B3E8 /* AuthorizationService.swift */; };
		E497BD738F5227E4D7D4335D /* SharedConstants.swift in Sources */ = {isa = PBXBuildFile; fileRef = 4AF778599A684CC2DFD97DC6 /* SharedConstants.swift */; };
		E909B357CB330BF565FBA9B9 /* ProjectionModel.swift in Sources */ = {isa = PBXBuildFile; fileRef = 0B16A6F5B2A7C3CBBBF9E446 /* ProjectionModel.swift */; };
		EEFC74152742F33836C9D61D /* Color+ScreenSpan.swift in Sources */ = {isa = PBXBuildFile; fileRef = C1B64696CA1F5AF4236B8F96 /* Color+ScreenSpan.swift */; };
		F51CE5698164331490E5433C /* Assets.xcassets in Resources */ = {isa = PBXBuildFile; fileRef = 086D3D5A2EE570B7E1E8DEBA /* Assets.xcassets */; };
		F7250C587E1F3CB0892FDA1B /* ChartTabView.swift in Sources */ = {isa = PBXBuildFile; fileRef = 6C81C7FF094260103C3D6646 /* ChartTabView.swift */; };
/* End PBXBuildFile section */

/* Begin PBXContainerItemProxy section */
		A0C33A7BEF6FC7B15AC7D4C7 /* PBXContainerItemProxy */ = {
			isa = PBXContainerItemProxy;
			containerPortal = 4680A505477AC6B935A68AD6 /* Project object */;
			proxyType = 1;
			remoteGlobalIDString = F45D2442A6FC40A5BF0B4A80;
			remoteInfo = ScreenSpanReport;
		};
/* End PBXContainerItemProxy section */

/* Begin PBXCopyFilesBuildPhase section */
		46B2968B0AA9E068AF9742C5 /* Embed ExtensionKit Extensions */ = {
			isa = PBXCopyFilesBuildPhase;
			buildActionMask = 2147483647;
			dstPath = "$(EXTENSIONS_FOLDER_PATH)";
			dstSubfolderSpec = 16;
			files = (
				02A82E570EFC46C6635F0920 /* ScreenSpanReport.appex in Embed ExtensionKit Extensions */,
			);
			name = "Embed ExtensionKit Extensions";
			runOnlyForDeploymentPostprocessing = 0;
		};
/* End PBXCopyFilesBuildPhase section */

/* Begin PBXFileReference section */
		0566A6F1DC738D34D1A54F66 /* UsageCategory.swift */ = {isa = PBXFileReference; lastKnownFileType = sourcecode.swift; path = UsageCategory.swift; sourceTree = "<group>"; };
		086D3D5A2EE570B7E1E8DEBA /* Assets.xcassets */ = {isa = PBXFileReference; lastKnownFileType = folder.assetcatalog; path = Assets.xcassets; sourceTree = "<group>"; };
		0B16A6F5B2A7C3CBBBF9E446 /* ProjectionModel.swift */ = {isa = PBXFileReference; lastKnownFileType = sourcecode.swift; path = ProjectionModel.swift; sourceTree = "<group>"; };
		1281DF0923E1F2BF29939CD2 /* WelcomeView.swift */ = {isa = PBXFileReference; lastKnownFileType = sourcecode.swift; path = WelcomeView.swift; sourceTree = "<group>"; };
		12CA9AC27285FCD6EE14F9A8 /* NotificationService.swift */ = {isa = PBXFileReference; lastKnownFileType = sourcecode.swift; path = NotificationService.swift; sourceTree = "<group>"; };
		1379251AF5D1F8D8ACF4AAFB /* LifeGridView.swift */ = {isa = PBXFileReference; lastKnownFileType = sourcecode.swift; path = LifeGridView.swift; sourceTree = "<group>"; };
		2ED6AB14CDB6BFE776AABD07 /* GoalService.swift */ = {isa = PBXFileReference; lastKnownFileType = sourcecode.swift; path = GoalService.swift; sourceTree = "<group>"; };
		2F4A4A71CB8C9A7C783A67D8 /* MainTabView.swift */ = {isa = PBXFileReference; lastKnownFileType = sourcecode.swift; path = MainTabView.swift; sourceTree = "<group>"; };
		39154E949451B6CF3E2EE0BE /* PermissionRequestView.swift */ = {isa = PBXFileReference; lastKnownFileType = sourcecode.swift; path = PermissionRequestView.swift; sourceTree = "<group>"; };
		3D0C74C00317100ECF78D95A /* ChartReportView.swift */ = {isa = PBXFileReference; lastKnownFileType = sourcecode.swift; path = ChartReportView.swift; sourceTree = "<group>"; };
		4AF778599A684CC2DFD97DC6 /* SharedConstants.swift */ = {isa = PBXFileReference; lastKnownFileType = sourcecode.swift; path = SharedConstants.swift; sourceTree = "<group>"; };
		4DCF7DEE10E84FCB52021934 /* SettingsViewModel.swift */ = {isa = PBXFileReference; lastKnownFileType = sourcecode.swift; path = SettingsViewModel.swift; sourceTree = "<group>"; };
		51463CC93AF1FC395F23A659 /* Color+ScreenSpanReport.swift */ = {isa = PBXFileReference; lastKnownFileType = sourcecode.swift; path = "Color+ScreenSpanReport.swift"; sourceTree = "<group>"; };
		5661E444673C60B141FDD277 /* ProjectionRevealView.swift */ = {isa = PBXFileReference; lastKnownFileType = sourcecode.swift; path = ProjectionRevealView.swift; sourceTree = "<group>"; };
		5A1386C8E8351CD19946B3E8 /* AuthorizationService.swift */ = {isa = PBXFileReference; lastKnownFileType = sourcecode.swift; path = AuthorizationService.swift; sourceTree = "<group>"; };
		5AC2AE376C93D5CA9A49DACE /* OnboardingContainerView.swift */ = {isa = PBXFileReference; lastKnownFileType = sourcecode.swift; path = OnboardingContainerView.swift; sourceTree = "<group>"; };
		66C5EF5160BAE399C0FF89A1 /* Date+ScreenSpan.swift */ = {isa = PBXFileReference; lastKnownFileType = sourcecode.swift; path = "Date+ScreenSpan.swift"; sourceTree = "<group>"; };
		68EB2E6FD7CF107932E803D2 /* ScreenSpanReportExtension.swift */ = {isa = PBXFileReference; lastKnownFileType = sourcecode.swift; path = ScreenSpanReportExtension.swift; sourceTree = "<group>"; };
		6A804A152F89C3CB00A21690 /* .gitignore */ = {isa = PBXFileReference; lastKnownFileType = sourcecode.swift; path = .gitignore; sourceTree = "<group>"; };
		6C0C48EC6DDF3E57788CA87B /* UserDefaults+AppGroup.swift */ = {isa = PBXFileReference; lastKnownFileType = sourcecode.swift; path = "UserDefaults+AppGroup.swift"; sourceTree = "<group>"; };
		6C81C7FF094260103C3D6646 /* ChartTabView.swift */ = {isa = PBXFileReference; lastKnownFileType = sourcecode.swift; path = ChartTabView.swift; sourceTree = "<group>"; };
		6D39E827280278510CD8E4A1 /* GoalSettingView.swift */ = {isa = PBXFileReference; lastKnownFileType = sourcecode.swift; path = GoalSettingView.swift; sourceTree = "<group>"; };
		756444A3B2BC26E2CCD3993F /* AppGroupManager.swift */ = {isa = PBXFileReference; lastKnownFileType = sourcecode.swift; path = AppGroupManager.swift; sourceTree = "<group>"; };
		7644C84804CDFEA305490E75 /* StatsReportView.swift */ = {isa = PBXFileReference; lastKnownFileType = sourcecode.swift; path = StatsReportView.swift; sourceTree = "<group>"; };
		7B8A84266D5C67D2A5DA73E8 /* UserGoal.swift */ = {isa = PBXFileReference; lastKnownFileType = sourcecode.swift; path = UserGoal.swift; sourceTree = "<group>"; };
		8CBA21D08EA526F73C7A2E7F /* DonutChartView.swift */ = {isa = PBXFileReference; lastKnownFileType = sourcecode.swift; path = DonutChartView.swift; sourceTree = "<group>"; };
		9454C7ED8B41B24B9FC8F2ED /* AppConstants.swift */ = {isa = PBXFileReference; lastKnownFileType = sourcecode.swift; path = AppConstants.swift; sourceTree = "<group>"; };
		9801013D24B5FFBF50A18946 /* ChartViewModel.swift */ = {isa = PBXFileReference; lastKnownFileType = sourcecode.swift; path = ChartViewModel.swift; sourceTree = "<group>"; };
		9A4D8FAD2211C2AAFF1DED04 /* ScreenSpanApp.swift */ = {isa = PBXFileReference; lastKnownFileType = sourcecode.swift; path = ScreenSpanApp.swift; sourceTree = "<group>"; };
		9B7D83D181F6D3AF608C6F5D /* StatsViewModel.swift */ = {isa = PBXFileReference; lastKnownFileType = sourcecode.swift; path = StatsViewModel.swift; sourceTree = "<group>"; };
		AA623384754EB8634D457F80 /* ContentView.swift */ = {isa = PBXFileReference; lastKnownFileType = sourcecode.swift; path = ContentView.swift; sourceTree = "<group>"; };
		AC7D5F6A44622236803D7EED /* StoreKitService.swift */ = {isa = PBXFileReference; lastKnownFileType = sourcecode.swift; path = StoreKitService.swift; sourceTree = "<group>"; };
		AE6B4D762CFBC0C755D07416 /* LifeGridRevealView.swift */ = {isa = PBXFileReference; lastKnownFileType = sourcecode.swift; path = LifeGridRevealView.swift; sourceTree = "<group>"; };
		AF9074527819B4C453EF03BE /* StatsTabView.swift */ = {isa = PBXFileReference; lastKnownFileType = sourcecode.swift; path = StatsTabView.swift; sourceTree = "<group>"; };
		B21AA338A8BC8C3E45D8D551 /* OnboardingViewModel.swift */ = {isa = PBXFileReference; lastKnownFileType = sourcecode.swift; path = OnboardingViewModel.swift; sourceTree = "<group>"; };
		B3EF9894059FC751764278F8 /* HistoryViewModel.swift */ = {isa = PBXFileReference; lastKnownFileType = sourcecode.swift; path = HistoryViewModel.swift; sourceTree = "<group>"; };
		B745744BA2354B4E399F1C41 /* HistoryReportView.swift */ = {isa = PBXFileReference; lastKnownFileType = sourcecode.swift; path = HistoryReportView.swift; sourceTree = "<group>"; };
		BB7C2C906DF72C56290CB002 /* AgeInputView.swift */ = {isa = PBXFileReference; lastKnownFileType = sourcecode.swift; path = AgeInputView.swift; sourceTree = "<group>"; };
		C0BCF25C50EF8AD2998C85E2 /* Info.plist */ = {isa = PBXFileReference; lastKnownFileType = text.plist; path = Info.plist; sourceTree = "<group>"; };
		C1B64696CA1F5AF4236B8F96 /* Color+ScreenSpan.swift */ = {isa = PBXFileReference; lastKnownFileType = sourcecode.swift; path = "Color+ScreenSpan.swift"; sourceTree = "<group>"; };
		C243C4B38CF92C03D01F92AB /* ProjectionCalculator.swift */ = {isa = PBXFileReference; lastKnownFileType = sourcecode.swift; path = ProjectionCalculator.swift; sourceTree = "<group>"; };
		C8EA298EF7CB1876A1B306BF /* ScreenSpanReport.appex */ = {isa = PBXFileReference; explicitFileType = "wrapper.extensionkit-extension"; includeInIndex = 0; path = ScreenSpanReport.appex; sourceTree = BUILT_PRODUCTS_DIR; };
		D6335E4D884CF036670B084F /* PaywallView.swift */ = {isa = PBXFileReference; lastKnownFileType = sourcecode.swift; path = PaywallView.swift; sourceTree = "<group>"; };
		D98B2E6C7985B4098510525C /* Environment+ScreenSpan.swift */ = {isa = PBXFileReference; lastKnownFileType = sourcecode.swift; path = "Environment+ScreenSpan.swift"; sourceTree = "<group>"; };
		E51E27A769C43E1E9DEC012F /* ScreenSpan.app */ = {isa = PBXFileReference; includeInIndex = 0; lastKnownFileType = wrapper.application; path = ScreenSpan.app; sourceTree = BUILT_PRODUCTS_DIR; };
		EA7EFCABE6CC65E07FE10C6C /* SettingsView.swift */ = {isa = PBXFileReference; lastKnownFileType = sourcecode.swift; path = SettingsView.swift; sourceTree = "<group>"; };
		EB73D5B3524E52E89AB47303 /* Info.plist */ = {isa = PBXFileReference; lastKnownFileType = text.plist; path = Info.plist; sourceTree = "<group>"; };
		EF0F714E1B0C5B35DE43F7A7 /* DeviceActivityReport+Contexts.swift */ = {isa = PBXFileReference; lastKnownFileType = sourcecode.swift; path = "DeviceActivityReport+Contexts.swift"; sourceTree = "<group>"; };
		F5DF1B1B7123E0DD82F222F4 /* HistoryTabView.swift */ = {isa = PBXFileReference; lastKnownFileType = sourcecode.swift; path = HistoryTabView.swift; sourceTree = "<group>"; };
		FEFB5FF71316F7E1E7057F1A /* SubscriptionStatus.swift */ = {isa = PBXFileReference; lastKnownFileType = sourcecode.swift; path = SubscriptionStatus.swift; sourceTree = "<group>"; };
/* End PBXFileReference section */

/* Begin PBXGroup section */
		105D0EBE5F443926F58C9EF3 /* App */ = {
			isa = PBXGroup;
			children = (
				9A4D8FAD2211C2AAFF1DED04 /* ScreenSpanApp.swift */,
			);
			path = App;
			sourceTree = "<group>";
		};
		18B9E1A5EDFD17CD91CAD02F /* Chart */ = {
			isa = PBXGroup;
			children = (
				6C81C7FF094260103C3D6646 /* ChartTabView.swift */,
			);
			path = Chart;
			sourceTree = "<group>";
		};
		3129E71587C0E67A670B6EF0 /* Onboarding */ = {
			isa = PBXGroup;
			children = (
				BB7C2C906DF72C56290CB002 /* AgeInputView.swift */,
				AE6B4D762CFBC0C755D07416 /* LifeGridRevealView.swift */,
				6D39E827280278510CD8E4A1 /* GoalSettingView.swift */,
				5661E444673C60B141FDD277 /* ProjectionRevealView.swift */,
				5AC2AE376C93D5CA9A49DACE /* OnboardingContainerView.swift */,
				D6335E4D884CF036670B084F /* PaywallView.swift */,
				39154E949451B6CF3E2EE0BE /* PermissionRequestView.swift */,
				1281DF0923E1F2BF29939CD2 /* WelcomeView.swift */,
			);
			path = Onboarding;
			sourceTree = "<group>";
		};
		4730CE8F65F5C8116E30F328 /* Shared */ = {
			isa = PBXGroup;
			children = (
				756444A3B2BC26E2CCD3993F /* AppGroupManager.swift */,
				C243C4B38CF92C03D01F92AB /* ProjectionCalculator.swift */,
				0B16A6F5B2A7C3CBBBF9E446 /* ProjectionModel.swift */,
				4AF778599A684CC2DFD97DC6 /* SharedConstants.swift */,
				6C0C48EC6DDF3E57788CA87B /* UserDefaults+AppGroup.swift */,
			);
			path = Shared;
			sourceTree = "<group>";
		};
		512E3D2B4398174359C945AF /* Extensions */ = {
			isa = PBXGroup;
			children = (
				C1B64696CA1F5AF4236B8F96 /* Color+ScreenSpan.swift */,
				66C5EF5160BAE399C0FF89A1 /* Date+ScreenSpan.swift */,
				D98B2E6C7985B4098510525C /* Environment+ScreenSpan.swift */,
			);
			path = Extensions;
			sourceTree = "<group>";
		};
		7480FB8B85FB231A943CC93A /* Services */ = {
			isa = PBXGroup;
			children = (
				5A1386C8E8351CD19946B3E8 /* AuthorizationService.swift */,
				2ED6AB14CDB6BFE776AABD07 /* GoalService.swift */,
				12CA9AC27285FCD6EE14F9A8 /* NotificationService.swift */,
				AC7D5F6A44622236803D7EED /* StoreKitService.swift */,
			);
			path = Services;
			sourceTree = "<group>";
		};
		792B642DF78B79A06160DC51 /* Resources */ = {
			isa = PBXGroup;
			children = (
				086D3D5A2EE570B7E1E8DEBA /* Assets.xcassets */,
			);
			path = Resources;
			sourceTree = "<group>";
		};
		810BB35A0D384B49E93FC013 = {
			isa = PBXGroup;
			children = (
				6A804A152F89C3CB00A21690 /* .gitignore */,
				8B1F49A42BFED3F77CC8D017 /* ScreenSpan */,
				8BC16DFA052E2CA74743DBA2 /* ScreenSpanReport */,
				4730CE8F65F5C8116E30F328 /* Shared */,
				C7933EA52986A362CA905CE1 /* Products */,
			);
			sourceTree = "<group>";
		};
		8459EE046D811956EEA0F064 /* Constants */ = {
			isa = PBXGroup;
			children = (
				9454C7ED8B41B24B9FC8F2ED /* AppConstants.swift */,
			);
			path = Constants;
			sourceTree = "<group>";
		};
		85C02BBF8ABEC521F8EAF5AB /* Components */ = {
			isa = PBXGroup;
			children = (
				8CBA21D08EA526F73C7A2E7F /* DonutChartView.swift */,
				1379251AF5D1F8D8ACF4AAFB /* LifeGridView.swift */,
			);
			path = Components;
			sourceTree = "<group>";
		};
		8B1F49A42BFED3F77CC8D017 /* ScreenSpan */ = {
			isa = PBXGroup;
			children = (
				C0BCF25C50EF8AD2998C85E2 /* Info.plist */,
				105D0EBE5F443926F58C9EF3 /* App */,
				8459EE046D811956EEA0F064 /* Constants */,
				512E3D2B4398174359C945AF /* Extensions */,
				E77AE0BD3306EDA1A03AD80F /* Models */,
				792B642DF78B79A06160DC51 /* Resources */,
				7480FB8B85FB231A943CC93A /* Services */,
				CC1EEBC726823E36FC16A4B6 /* ViewModels */,
				EEDEC3EB0154A19417FD294A /* Views */,
			);
			path = ScreenSpan;
			sourceTree = "<group>";
		};
		8BC16DFA052E2CA74743DBA2 /* ScreenSpanReport */ = {
			isa = PBXGroup;
			children = (
				3D0C74C00317100ECF78D95A /* ChartReportView.swift */,
				51463CC93AF1FC395F23A659 /* Color+ScreenSpanReport.swift */,
				EF0F714E1B0C5B35DE43F7A7 /* DeviceActivityReport+Contexts.swift */,
				B745744BA2354B4E399F1C41 /* HistoryReportView.swift */,
				EB73D5B3524E52E89AB47303 /* Info.plist */,
				68EB2E6FD7CF107932E803D2 /* ScreenSpanReportExtension.swift */,
				7644C84804CDFEA305490E75 /* StatsReportView.swift */,
			);
			path = ScreenSpanReport;
			sourceTree = "<group>";
		};
		974850209D20419311DA2A82 /* Settings */ = {
			isa = PBXGroup;
			children = (
				EA7EFCABE6CC65E07FE10C6C /* SettingsView.swift */,
			);
			path = Settings;
			sourceTree = "<group>";
		};
		B1BDE5AA8465B38787390DE2 /* History */ = {
			isa = PBXGroup;
			children = (
				F5DF1B1B7123E0DD82F222F4 /* HistoryTabView.swift */,
			);
			path = History;
			sourceTree = "<group>";
		};
		B80E5BA84F09AB4D26216D6F /* Stats */ = {
			isa = PBXGroup;
			children = (
				AF9074527819B4C453EF03BE /* StatsTabView.swift */,
			);
			path = Stats;
			sourceTree = "<group>";
		};
		C7933EA52986A362CA905CE1 /* Products */ = {
			isa = PBXGroup;
			children = (
				E51E27A769C43E1E9DEC012F /* ScreenSpan.app */,
				C8EA298EF7CB1876A1B306BF /* ScreenSpanReport.appex */,
			);
			name = Products;
			sourceTree = "<group>";
		};
		CC1EEBC726823E36FC16A4B6 /* ViewModels */ = {
			isa = PBXGroup;
			children = (
				9801013D24B5FFBF50A18946 /* ChartViewModel.swift */,
				B3EF9894059FC751764278F8 /* HistoryViewModel.swift */,
				B21AA338A8BC8C3E45D8D551 /* OnboardingViewModel.swift */,
				4DCF7DEE10E84FCB52021934 /* SettingsViewModel.swift */,
				9B7D83D181F6D3AF608C6F5D /* StatsViewModel.swift */,
			);
			path = ViewModels;
			sourceTree = "<group>";
		};
		E77AE0BD3306EDA1A03AD80F /* Models */ = {
			isa = PBXGroup;
			children = (
				FEFB5FF71316F7E1E7057F1A /* SubscriptionStatus.swift */,
				0566A6F1DC738D34D1A54F66 /* UsageCategory.swift */,
				7B8A84266D5C67D2A5DA73E8 /* UserGoal.swift */,
			);
			path = Models;
			sourceTree = "<group>";
		};
		EEDEC3EB0154A19417FD294A /* Views */ = {
			isa = PBXGroup;
			children = (
				AA623384754EB8634D457F80 /* ContentView.swift */,
				2F4A4A71CB8C9A7C783A67D8 /* MainTabView.swift */,
				18B9E1A5EDFD17CD91CAD02F /* Chart */,
				85C02BBF8ABEC521F8EAF5AB /* Components */,
				B1BDE5AA8465B38787390DE2 /* History */,
				3129E71587C0E67A670B6EF0 /* Onboarding */,
				974850209D20419311DA2A82 /* Settings */,
				B80E5BA84F09AB4D26216D6F /* Stats */,
			);
			path = Views;
			sourceTree = "<group>";
		};
/* End PBXGroup section */

/* Begin PBXNativeTarget section */
		30B19937A410923515721407 /* ScreenSpan */ = {
			isa = PBXNativeTarget;
			buildConfigurationList = 480A2EA66CF081A79CBA5804 /* Build configuration list for PBXNativeTarget "ScreenSpan" */;
			buildPhases = (
				67E4A8486BDD5C538804921A /* Sources */,
				FE39FCFE93CEE1D94FE5FE97 /* Resources */,
				46B2968B0AA9E068AF9742C5 /* Embed ExtensionKit Extensions */,
			);
			buildRules = (
			);
			dependencies = (
				1E34040CA0E3E4C4D0625E94 /* PBXTargetDependency */,
			);
			name = ScreenSpan;
			packageProductDependencies = (
			);
			productName = ScreenSpan;
			productReference = E51E27A769C43E1E9DEC012F /* ScreenSpan.app */;
			productType = "com.apple.product-type.application";
		};
		F45D2442A6FC40A5BF0B4A80 /* ScreenSpanReport */ = {
			isa = PBXNativeTarget;
			buildConfigurationList = 9C19951B8ED87E6CD19E4345 /* Build configuration list for PBXNativeTarget "ScreenSpanReport" */;
			buildPhases = (
				64D3689A12B30F552C7CF77A /* Sources */,
			);
			buildRules = (
			);
			dependencies = (
			);
			name = ScreenSpanReport;
			packageProductDependencies = (
			);
			productName = ScreenSpanReport;
			productReference = C8EA298EF7CB1876A1B306BF /* ScreenSpanReport.appex */;
			productType = "com.apple.product-type.extensionkit-extension";
		};
/* End PBXNativeTarget section */

/* Begin PBXProject section */
		4680A505477AC6B935A68AD6 /* Project object */ = {
			isa = PBXProject;
			attributes = {
				BuildIndependentTargetsInParallel = YES;
				LastUpgradeCheck = 1430;
			};
			buildConfigurationList = 45031DE45E5465D38829CABD /* Build configuration list for PBXProject "ScreenSpan" */;
			developmentRegion = en;
			hasScannedForEncodings = 0;
			knownRegions = (
				Base,
				en,
			);
			mainGroup = 810BB35A0D384B49E93FC013;
			minimizedProjectReferenceProxies = 1;
			preferredProjectObjectVersion = 77;
			productRefGroup = C7933EA52986A362CA905CE1 /* Products */;
			projectDirPath = "";
			projectRoot = "";
			targets = (
				30B19937A410923515721407 /* ScreenSpan */,
				F45D2442A6FC40A5BF0B4A80 /* ScreenSpanReport */,
			);
		};
/* End PBXProject section */

/* Begin PBXResourcesBuildPhase section */
		FE39FCFE93CEE1D94FE5FE97 /* Resources */ = {
			isa = PBXResourcesBuildPhase;
			buildActionMask = 2147483647;
			files = (
				F51CE5698164331490E5433C /* Assets.xcassets in Resources */,
			);
			runOnlyForDeploymentPostprocessing = 0;
		};
/* End PBXResourcesBuildPhase section */

/* Begin PBXSourcesBuildPhase section */
		64D3689A12B30F552C7CF77A /* Sources */ = {
			isa = PBXSourcesBuildPhase;
			buildActionMask = 2147483647;
			files = (
				A3AB714CFC74FF3CD8ADCDFB /* AppGroupManager.swift in Sources */,
				63A96DF2A8F6EAF116D2B484 /* ChartReportView.swift in Sources */,
				7CA6D26D4488504C8E363E2A /* Color+ScreenSpanReport.swift in Sources */,
				340E77222A147F4C7E7E270F /* DeviceActivityReport+Contexts.swift in Sources */,
				8F0240414A51F7444F3A2F90 /* HistoryReportView.swift in Sources */,
				70508DE61057684BEC9A80B9 /* ProjectionCalculator.swift in Sources */,
				8919445EF7490602BAA2D63E /* ProjectionModel.swift in Sources */,
				5C367FC644651AFE4F80A3DB /* ScreenSpanReportExtension.swift in Sources */,
				47CD9456C5A021217B34D7CE /* SharedConstants.swift in Sources */,
				C99386D1BCF8F92DBB1D41BD /* StatsReportView.swift in Sources */,
				50F8A89C5A98944613AECC53 /* UserDefaults+AppGroup.swift in Sources */,
			);
			runOnlyForDeploymentPostprocessing = 0;
		};
		67E4A8486BDD5C538804921A /* Sources */ = {
			isa = PBXSourcesBuildPhase;
			buildActionMask = 2147483647;
			files = (
				42B3B290BB44180F07427ACE /* AgeInputView.swift in Sources */,
				36E9E3C27D1C542C47003FF1 /* AppConstants.swift in Sources */,
				304900B8BDC5296E96DF6319 /* AppGroupManager.swift in Sources */,
				E476A69F830E59062F2B1980 /* AuthorizationService.swift in Sources */,
				F7250C587E1F3CB0892FDA1B /* ChartTabView.swift in Sources */,
				DF5E2C6764FF1FD529274BC6 /* ChartViewModel.swift in Sources */,
				EEFC74152742F33836C9D61D /* Color+ScreenSpan.swift in Sources */,
				0A09C2D0988C6FC3F0D7CCC1 /* LifeGridRevealView.swift in Sources */,
				9DB102EEFD27E1CF5149435F /* ContentView.swift in Sources */,
				43C8D153FC53E264AD147C97 /* Date+ScreenSpan.swift in Sources */,
				11CF3293D9AB51F1E145B07F /* DonutChartView.swift in Sources */,
				1C04A2C31387C6632D4B8737 /* Environment+ScreenSpan.swift in Sources */,
				CA2D5C7D0E6A414F6F1BDC64 /* GoalService.swift in Sources */,
				4563E169F175B2DA1D5A7836 /* GoalSettingView.swift in Sources */,
				6437C9D2833542C4BB5FD4B8 /* HistoryTabView.swift in Sources */,
				46A751C021C1635BB9A738F2 /* HistoryViewModel.swift in Sources */,
				9434CDFDB5BFDD3D31E7EC09 /* ProjectionRevealView.swift in Sources */,
				4BCCF2433646C026A195EBF9 /* LifeGridView.swift in Sources */,
				0F572863C112270027377EE5 /* MainTabView.swift in Sources */,
				3F41162A39F0FF7F6E097804 /* NotificationService.swift in Sources */,
				4AE75ABCD7B0AC96A6737209 /* OnboardingContainerView.swift in Sources */,
				9A0AF529672DD47AE388D675 /* OnboardingViewModel.swift in Sources */,
				C56DA5C41E9F896D234A80A4 /* PaywallView.swift in Sources */,
				D9B4D9BDD484D0CE6BFBC295 /* PermissionRequestView.swift in Sources */,
				5899087DD153621F52A860BE /* ProjectionCalculator.swift in Sources */,
				E909B357CB330BF565FBA9B9 /* ProjectionModel.swift in Sources */,
				AFAE3FD26CE8D5923D988FCF /* ScreenSpanApp.swift in Sources */,
				D84D7A276B739F6E73F38281 /* SettingsView.swift in Sources */,
				5B0830CCC30FAF4B16FA4F4A /* SettingsViewModel.swift in Sources */,
				E497BD738F5227E4D7D4335D /* SharedConstants.swift in Sources */,
				B833F397A362DF5E65D771ED /* StatsTabView.swift in Sources */,
				3E043136C66F025ABE384DA7 /* StatsViewModel.swift in Sources */,
				A7BA55370667EBB5975595DA /* StoreKitService.swift in Sources */,
				60343D12704D8AE5781615F2 /* SubscriptionStatus.swift in Sources */,
				C9B6E6E5C1E4C0731B8C03CE /* UsageCategory.swift in Sources */,
				4A3615A03C774FAFD8D2ABB9 /* UserDefaults+AppGroup.swift in Sources */,
				1EF93A0969318E46DB80B9E8 /* UserGoal.swift in Sources */,
				42E3A31B847CE4692A1E7718 /* WelcomeView.swift in Sources */,
			);
			runOnlyForDeploymentPostprocessing = 0;
		};
/* End PBXSourcesBuildPhase section */

/* Begin PBXTargetDependency section */
		1E34040CA0E3E4C4D0625E94 /* PBXTargetDependency */ = {
			isa = PBXTargetDependency;
			target = F45D2442A6FC40A5BF0B4A80 /* ScreenSpanReport */;
			targetProxy = A0C33A7BEF6FC7B15AC7D4C7 /* PBXContainerItemProxy */;
		};
/* End PBXTargetDependency section */

/* Begin XCBuildConfiguration section */
		0C36E31DA0C78ADB568A387B /* Release */ = {
			isa = XCBuildConfiguration;
			buildSettings = {
				CODE_SIGNING_ALLOWED = NO;
				CODE_SIGNING_REQUIRED = NO;
				CODE_SIGN_ENTITLEMENTS = ScreenSpanReport/ScreenSpanReport.entitlements;
				INFOPLIST_FILE = ScreenSpanReport/Info.plist;
				LD_RUNPATH_SEARCH_PATHS = (
					"$(inherited)",
					"@executable_path/Frameworks",
				);
				PRODUCT_BUNDLE_IDENTIFIER = com.screenspan.app.report;
				SDKROOT = iphoneos;
				TARGETED_DEVICE_FAMILY = "1,2";
			};
			name = Release;
		};
		15F047674593ABDA54A78CE4 /* Debug */ = {
			isa = XCBuildConfiguration;
			buildSettings = {
				CODE_SIGNING_ALLOWED = NO;
				CODE_SIGNING_REQUIRED = NO;
				CODE_SIGN_ENTITLEMENTS = ScreenSpanReport/ScreenSpanReport.entitlements;
				INFOPLIST_FILE = ScreenSpanReport/Info.plist;
				LD_RUNPATH_SEARCH_PATHS = (
					"$(inherited)",
					"@executable_path/Frameworks",
				);
				PRODUCT_BUNDLE_IDENTIFIER = com.screenspan.app.report;
				SDKROOT = iphoneos;
				TARGETED_DEVICE_FAMILY = "1,2";
			};
			name = Debug;
		};
		1DE44787E99A40AA56CE4FF7 /* Debug */ = {
			isa = XCBuildConfiguration;
			buildSettings = {
				ASSETCATALOG_COMPILER_APPICON_NAME = AppIcon;
				CODE_SIGNING_ALLOWED = NO;
				CODE_SIGNING_REQUIRED = NO;
				CODE_SIGN_ENTITLEMENTS = ScreenSpan/ScreenSpan.entitlements;
				CODE_SIGN_IDENTITY = "iPhone Developer";
				INFOPLIST_FILE = ScreenSpan/Info.plist;
				LD_RUNPATH_SEARCH_PATHS = (
					"$(inherited)",
					"@executable_path/Frameworks",
				);
				PRODUCT_BUNDLE_IDENTIFIER = com.screenspan.app;
				SDKROOT = iphoneos;
				TARGETED_DEVICE_FAMILY = "1,2";
			};
			name = Debug;
		};
		421C6F94781EFA6D9E3C4BB5 /* Release */ = {
			isa = XCBuildConfiguration;
			buildSettings = {
				ALWAYS_SEARCH_USER_PATHS = NO;
				CLANG_ANALYZER_NONNULL = YES;
				CLANG_ANALYZER_NUMBER_OBJECT_CONVERSION = YES_AGGRESSIVE;
				CLANG_CXX_LANGUAGE_STANDARD = "gnu++14";
				CLANG_CXX_LIBRARY = "libc++";
				CLANG_ENABLE_MODULES = YES;
				CLANG_ENABLE_OBJC_ARC = YES;
				CLANG_ENABLE_OBJC_WEAK = YES;
				CLANG_WARN_BLOCK_CAPTURE_AUTORELEASING = YES;
				CLANG_WARN_BOOL_CONVERSION = YES;
				CLANG_WARN_COMMA = YES;
				CLANG_WARN_CONSTANT_CONVERSION = YES;
				CLANG_WARN_DEPRECATED_OBJC_IMPLEMENTATIONS = YES;
				CLANG_WARN_DIRECT_OBJC_ISA_USAGE = YES_ERROR;
				CLANG_WARN_DOCUMENTATION_COMMENTS = YES;
				CLANG_WARN_EMPTY_BODY = YES;
				CLANG_WARN_ENUM_CONVERSION = YES;
				CLANG_WARN_INFINITE_RECURSION = YES;
				CLANG_WARN_INT_CONVERSION = YES;
				CLANG_WARN_NON_LITERAL_NULL_CONVERSION = YES;
				CLANG_WARN_OBJC_IMPLICIT_RETAIN_SELF = YES;
				CLANG_WARN_OBJC_LITERAL_CONVERSION = YES;
				CLANG_WARN_OBJC_ROOT_CLASS = YES_ERROR;
				CLANG_WARN_QUOTED_INCLUDE_IN_FRAMEWORK_HEADER = YES;
				CLANG_WARN_RANGE_LOOP_ANALYSIS = YES;
				CLANG_WARN_STRICT_PROTOTYPES = YES;
				CLANG_WARN_SUSPICIOUS_MOVE = YES;
				CLANG_WARN_UNGUARDED_AVAILABILITY = YES_AGGRESSIVE;
				CLANG_WARN_UNREACHABLE_CODE = YES;
				CLANG_WARN__DUPLICATE_METHOD_MATCH = YES;
				COPY_PHASE_STRIP = NO;
				CURRENT_PROJECT_VERSION = 1;
				DEBUG_INFORMATION_FORMAT = "dwarf-with-dsym";
				ENABLE_NS_ASSERTIONS = NO;
				ENABLE_STRICT_OBJC_MSGSEND = YES;
				GCC_C_LANGUAGE_STANDARD = gnu11;
				GCC_NO_COMMON_BLOCKS = YES;
				GCC_WARN_64_TO_32_BIT_CONVERSION = YES;
				GCC_WARN_ABOUT_RETURN_TYPE = YES_ERROR;
				GCC_WARN_UNDECLARED_SELECTOR = YES;
				GCC_WARN_UNINITIALIZED_AUTOS = YES_AGGRESSIVE;
				GCC_WARN_UNUSED_FUNCTION = YES;
				GCC_WARN_UNUSED_VARIABLE = YES;
				IPHONEOS_DEPLOYMENT_TARGET = 17.0;
				MARKETING_VERSION = 1.0;
				MTL_ENABLE_DEBUG_INFO = NO;
				MTL_FAST_MATH = YES;
				PRODUCT_NAME = "$(TARGET_NAME)";
				SDKROOT = iphoneos;
				SWIFT_COMPILATION_MODE = wholemodule;
				SWIFT_OPTIMIZATION_LEVEL = "-O";
				SWIFT_VERSION = 5.0;
			};
			name = Release;
		};
		7235F9EDD944DD1A4118C97B /* Debug */ = {
			isa = XCBuildConfiguration;
			buildSettings = {
				ALWAYS_SEARCH_USER_PATHS = NO;
				CLANG_ANALYZER_NONNULL = YES;
				CLANG_ANALYZER_NUMBER_OBJECT_CONVERSION = YES_AGGRESSIVE;
				CLANG_CXX_LANGUAGE_STANDARD = "gnu++14";
				CLANG_CXX_LIBRARY = "libc++";
				CLANG_ENABLE_MODULES = YES;
				CLANG_ENABLE_OBJC_ARC = YES;
				CLANG_ENABLE_OBJC_WEAK = YES;
				CLANG_WARN_BLOCK_CAPTURE_AUTORELEASING = YES;
				CLANG_WARN_BOOL_CONVERSION = YES;
				CLANG_WARN_COMMA = YES;
				CLANG_WARN_CONSTANT_CONVERSION = YES;
				CLANG_WARN_DEPRECATED_OBJC_IMPLEMENTATIONS = YES;
				CLANG_WARN_DIRECT_OBJC_ISA_USAGE = YES_ERROR;
				CLANG_WARN_DOCUMENTATION_COMMENTS = YES;
				CLANG_WARN_EMPTY_BODY = YES;
				CLANG_WARN_ENUM_CONVERSION = YES;
				CLANG_WARN_INFINITE_RECURSION = YES;
				CLANG_WARN_INT_CONVERSION = YES;
				CLANG_WARN_NON_LITERAL_NULL_CONVERSION = YES;
				CLANG_WARN_OBJC_IMPLICIT_RETAIN_SELF = YES;
				CLANG_WARN_OBJC_LITERAL_CONVERSION = YES;
				CLANG_WARN_OBJC_ROOT_CLASS = YES_ERROR;
				CLANG_WARN_QUOTED_INCLUDE_IN_FRAMEWORK_HEADER = YES;
				CLANG_WARN_RANGE_LOOP_ANALYSIS = YES;
				CLANG_WARN_STRICT_PROTOTYPES = YES;
				CLANG_WARN_SUSPICIOUS_MOVE = YES;
				CLANG_WARN_UNGUARDED_AVAILABILITY = YES_AGGRESSIVE;
				CLANG_WARN_UNREACHABLE_CODE = YES;
				CLANG_WARN__DUPLICATE_METHOD_MATCH = YES;
				COPY_PHASE_STRIP = NO;
				CURRENT_PROJECT_VERSION = 1;
				DEBUG_INFORMATION_FORMAT = dwarf;
				ENABLE_STRICT_OBJC_MSGSEND = YES;
				ENABLE_TESTABILITY = YES;
				GCC_C_LANGUAGE_STANDARD = gnu11;
				GCC_DYNAMIC_NO_PIC = NO;
				GCC_NO_COMMON_BLOCKS = YES;
				GCC_OPTIMIZATION_LEVEL = 0;
				GCC_PREPROCESSOR_DEFINITIONS = (
					"$(inherited)",
					"DEBUG=1",
				);
				GCC_WARN_64_TO_32_BIT_CONVERSION = YES;
				GCC_WARN_ABOUT_RETURN_TYPE = YES_ERROR;
				GCC_WARN_UNDECLARED_SELECTOR = YES;
				GCC_WARN_UNINITIALIZED_AUTOS = YES_AGGRESSIVE;
				GCC_WARN_UNUSED_FUNCTION = YES;
				GCC_WARN_UNUSED_VARIABLE = YES;
				IPHONEOS_DEPLOYMENT_TARGET = 17.0;
				MARKETING_VERSION = 1.0;
				MTL_ENABLE_DEBUG_INFO = INCLUDE_SOURCE;
				MTL_FAST_MATH = YES;
				ONLY_ACTIVE_ARCH = YES;
				PRODUCT_NAME = "$(TARGET_NAME)";
				SDKROOT = iphoneos;
				SWIFT_ACTIVE_COMPILATION_CONDITIONS = DEBUG;
				SWIFT_OPTIMIZATION_LEVEL = "-Onone";
				SWIFT_VERSION = 5.0;
			};
			name = Debug;
		};
		D7AC931D40115ADA68F66703 /* Release */ = {
			isa = XCBuildConfiguration;
			buildSettings = {
				ASSETCATALOG_COMPILER_APPICON_NAME = AppIcon;
				CODE_SIGNING_ALLOWED = NO;
				CODE_SIGNING_REQUIRED = NO;
				CODE_SIGN_ENTITLEMENTS = ScreenSpan/ScreenSpan.entitlements;
				CODE_SIGN_IDENTITY = "iPhone Developer";
				INFOPLIST_FILE = ScreenSpan/Info.plist;
				LD_RUNPATH_SEARCH_PATHS = (
					"$(inherited)",
					"@executable_path/Frameworks",
				);
				PRODUCT_BUNDLE_IDENTIFIER = com.screenspan.app;
				SDKROOT = iphoneos;
				TARGETED_DEVICE_FAMILY = "1,2";
			};
			name = Release;
		};
/* End XCBuildConfiguration section */

/* Begin XCConfigurationList section */
		45031DE45E5465D38829CABD /* Build configuration list for PBXProject "ScreenSpan" */ = {
			isa = XCConfigurationList;
			buildConfigurations = (
				7235F9EDD944DD1A4118C97B /* Debug */,
				421C6F94781EFA6D9E3C4BB5 /* Release */,
			);
			defaultConfigurationIsVisible = 0;
			defaultConfigurationName = Debug;
		};
		480A2EA66CF081A79CBA5804 /* Build configuration list for PBXNativeTarget "ScreenSpan" */ = {
			isa = XCConfigurationList;
			buildConfigurations = (
				1DE44787E99A40AA56CE4FF7 /* Debug */,
				D7AC931D40115ADA68F66703 /* Release */,
			);
			defaultConfigurationIsVisible = 0;
			defaultConfigurationName = Debug;
		};
		9C19951B8ED87E6CD19E4345 /* Build configuration list for PBXNativeTarget "ScreenSpanReport" */ = {
			isa = XCConfigurationList;
			buildConfigurations = (
				15F047674593ABDA54A78CE4 /* Debug */,
				0C36E31DA0C78ADB568A387B /* Release */,
			);
			defaultConfigurationIsVisible = 0;
			defaultConfigurationName = Debug;
		};
/* End XCConfigurationList section */
	};
	rootObject = 4680A505477AC6B935A68AD6 /* Project object */;
}
